
Microsoft Visual Studio Solution File, Format Version 12.00
# Visual Studio Version 16
VisualStudioVersion = 16.0.30611.23
MinimumVisualStudioVersion = 10.0.40219.1
Project("{FAE04EC0-301F-11D3-BF4B-00C04F79EFBC}") = "MicroSocialPlatform", "MicroSocialPlatform.csproj", "{DC385C5F-8737-401C-97F4-0DA4D5044BFE}"
EndProject
Global
	GlobalSection(SolutionConfigurationPlatforms) = preSolution
		Debug|Any CPU = Debug|Any CPU
		Release|Any CPU = Release|Any CPU
	EndGlobalSection
	GlobalSection(ProjectConfigurationPlatforms) = postSolution
		{DC385C5F-8737-401C-97F4-0DA4D5044BFE}.Debug|Any CPU.ActiveCfg = Debug|Any CPU
		{DC385C5F-8737-401C-97F4-0DA4D5044BFE}.Debug|Any CPU.Build.0 = Debug|Any CPU
		{DC385C5F-8737-401C-97F4-0DA4D5044BFE}.Release|Any CPU.ActiveCfg = Release|Any CPU
		{DC385C5F-8737-401C-97F4-0DA4D5044BFE}.Release|Any CPU.Build.0 = Release|Any CPU
	EndGlobalSection
	GlobalSection(SolutionProperties) = preSolution
		HideSolutionNode = FALSE
	EndGlobalSection
	GlobalSection(ExtensibilityGlobals) = postSolution
		SolutionGuid = {AB7D89B9-0EEB-4770-B69A-3C50DD12C99D}
	EndGlobalSection
EndGlobal
